# This file is generated by running "yarn install" inside your project.
# Manual changes might be lost - proceed with caution!

__metadata:
  version: 6
  cacheKey: 8

"@babel/runtime@npm:^7.21.0":
  version: 7.23.2
  resolution: "@babel/runtime@npm:7.23.2"
  dependencies:
    regenerator-runtime: ^0.14.0
  checksum: 6c4df4839ec75ca10175f636d6362f91df8a3137f86b38f6cd3a4c90668a0fe8e9281d320958f4fbd43b394988958585a17c3aab2a4ea6bf7316b22916a371fb
  languageName: node
  linkType: hard

"@kurkle/color@npm:^0.3.0":
  version: 0.3.2
  resolution: "@kurkle/color@npm:0.3.2"
  checksum: 79e97b31f8f6efb28c69d373f94b0c7480226fe8ec95221f518ac998e156444a496727ce47de6d728eb5c3369288e794cba82cae34253deb0d472d3bfe080e49
  languageName: node
  linkType: hard

"chart.js@npm:4, chart.js@npm:^4.4.0":
  version: 4.4.0
  resolution: "chart.js@npm:4.4.0"
  dependencies:
    "@kurkle/color": ^0.3.0
  checksum: 5ee2d99b78608025525b5790af17178fdaa5adc3294e082deba2718029b0496109ba124f1b08dd1e4c8a04d6e842be7f384f2cfe9a11df8d1c6fe884acece52b
  languageName: node
  linkType: hard

"chartjs-adapter-date-fns@npm:>=3":
  version: 3.0.0
  resolution: "chartjs-adapter-date-fns@npm:3.0.0"
  peerDependencies:
    chart.js: ">=2.8.0"
    date-fns: ">=2.0.0"
  checksum: c39bfdf490749faa589fba6e0dc0a2c5a467a5f06aaa52c5180e10fd9c83414807a064f6950538448bffee354c8064c0ce9d957bccbf2048e7ee2257aa95f138
  languageName: node
  linkType: hard

"chartkick@npm:^5.0.1":
  version: 5.0.1
  resolution: "chartkick@npm:5.0.1"
  dependencies:
    chart.js: 4
    chartjs-adapter-date-fns: ">=3"
    date-fns: ">=2"
  dependenciesMeta:
    chart.js:
      optional: true
    chartjs-adapter-date-fns:
      optional: true
    date-fns:
      optional: true
  checksum: 25cd441230560a91475957ae702d991ec33579cf565557537b6284a0b81be6f77a99f686f2e8f28e2b3fbccf339ca4179218ecd44cae2cc6ab626902a7a0ac02
  languageName: node
  linkType: hard

"date-fns@npm:>=2":
  version: 2.30.0
  resolution: "date-fns@npm:2.30.0"
  dependencies:
    "@babel/runtime": ^7.21.0
  checksum: f7be01523282e9bb06c0cd2693d34f245247a29098527d4420628966a2d9aad154bd0e90a6b1cf66d37adcb769cd108cf8a7bd49d76db0fb119af5cdd13644f4
  languageName: node
  linkType: hard

"debt-tracking@workspace:.":
  version: 0.0.0-use.local
  resolution: "debt-tracking@workspace:."
  dependencies:
    chart.js: ^4.4.0
    chartkick: ^5.0.1
  languageName: unknown
  linkType: soft

"regenerator-runtime@npm:^0.14.0":
  version: 0.14.0
  resolution: "regenerator-runtime@npm:0.14.0"
  checksum: 1c977ad82a82a4412e4f639d65d22be376d3ebdd30da2c003eeafdaaacd03fc00c2320f18120007ee700900979284fc78a9f00da7fb593f6e6eeebc673fba9a3
  languageName: node
  linkType: hard
